
Microsoft Visual Studio Solution File, Format Version 12.00
# Visual Studio Version 16
VisualStudioVersion = 16.0.34729.46
MinimumVisualStudioVersion = 10.0.40219.1
Project("{FAE04EC0-301F-11D3-BF4B-00C04F79EFBC}") = "CreacionDeClaseAtributoect", "CreacionDeClaseAtributoect\CreacionDeClaseAtributoect.csproj", "{DF417323-B105-4217-BC95-8B760FD4D498}"
EndProject
Global
	GlobalSection(SolutionConfigurationPlatforms) = preSolution
		Debug|Any CPU = Debug|Any CPU
		Release|Any CPU = Release|Any CPU
	EndGlobalSection
	GlobalSection(ProjectConfigurationPlatforms) = postSolution
		{DF417323-B105-4217-BC95-8B760FD4D498}.Debug|Any CPU.ActiveCfg = Debug|Any CPU
		{DF417323-B105-4217-BC95-8B760FD4D498}.Debug|Any CPU.Build.0 = Debug|Any CPU
		{DF417323-B105-4217-BC95-8B760FD4D498}.Release|Any CPU.ActiveCfg = Release|Any CPU
		{DF417323-B105-4217-BC95-8B760FD4D498}.Release|Any CPU.Build.0 = Release|Any CPU
	EndGlobalSection
	GlobalSection(SolutionProperties) = preSolution
		HideSolutionNode = FALSE
	EndGlobalSection
	GlobalSection(ExtensibilityGlobals) = postSolution
		SolutionGuid = {8CD78054-B172-4A68-AC5C-9CF393C4014D}
	EndGlobalSection
EndGlobal
