
Microsoft Visual Studio Solution File, Format Version 12.00
# Visual Studio Version 16
VisualStudioVersion = 16.0.34729.46
MinimumVisualStudioVersion = 10.0.40219.1
Project("{FAE04EC0-301F-11D3-BF4B-00C04F79EFBC}") = "ConverLongitud1", "ConverLongitud1\ConverLongitud1.csproj", "{F5BE3DB3-C297-478B-8305-94BCCC025313}"
EndProject
Global
	GlobalSection(SolutionConfigurationPlatforms) = preSolution
		Debug|Any CPU = Debug|Any CPU
		Release|Any CPU = Release|Any CPU
	EndGlobalSection
	GlobalSection(ProjectConfigurationPlatforms) = postSolution
		{F5BE3DB3-C297-478B-8305-94BCCC025313}.Debug|Any CPU.ActiveCfg = Debug|Any CPU
		{F5BE3DB3-C297-478B-8305-94BCCC025313}.Debug|Any CPU.Build.0 = Debug|Any CPU
		{F5BE3DB3-C297-478B-8305-94BCCC025313}.Release|Any CPU.ActiveCfg = Release|Any CPU
		{F5BE3DB3-C297-478B-8305-94BCCC025313}.Release|Any CPU.Build.0 = Release|Any CPU
	EndGlobalSection
	GlobalSection(SolutionProperties) = preSolution
		HideSolutionNode = FALSE
	EndGlobalSection
	GlobalSection(ExtensibilityGlobals) = postSolution
		SolutionGuid = {A4EAAC9A-1F81-402C-9DAD-E0048847DADE}
	EndGlobalSection
EndGlobal
