
Microsoft Visual Studio Solution File, Format Version 12.00
# Visual Studio Version 16
VisualStudioVersion = 16.0.34729.46
MinimumVisualStudioVersion = 10.0.40219.1
Project("{FAE04EC0-301F-11D3-BF4B-00C04F79EFBC}") = "WindowsFormsApp2", "WindowsFormsApp2\WindowsFormsApp2.csproj", "{CCD4682F-7147-4D90-BE84-EDCF9C76B472}"
EndProject
Global
	GlobalSection(SolutionConfigurationPlatforms) = preSolution
		Debug|Any CPU = Debug|Any CPU
		Release|Any CPU = Release|Any CPU
	EndGlobalSection
	GlobalSection(ProjectConfigurationPlatforms) = postSolution
		{CCD4682F-7147-4D90-BE84-EDCF9C76B472}.Debug|Any CPU.ActiveCfg = Debug|Any CPU
		{CCD4682F-7147-4D90-BE84-EDCF9C76B472}.Debug|Any CPU.Build.0 = Debug|Any CPU
		{CCD4682F-7147-4D90-BE84-EDCF9C76B472}.Release|Any CPU.ActiveCfg = Release|Any CPU
		{CCD4682F-7147-4D90-BE84-EDCF9C76B472}.Release|Any CPU.Build.0 = Release|Any CPU
	EndGlobalSection
	GlobalSection(SolutionProperties) = preSolution
		HideSolutionNode = FALSE
	EndGlobalSection
	GlobalSection(ExtensibilityGlobals) = postSolution
		SolutionGuid = {23EEC8AF-ED3F-47B9-896E-E589D29EDDDC}
	EndGlobalSection
EndGlobal
