
Microsoft Visual Studio Solution File, Format Version 12.00
# Visual Studio Version 17
VisualStudioVersion = 17.11.35327.3
MinimumVisualStudioVersion = 10.0.40219.1
Project("{FAE04EC0-301F-11D3-BF4B-00C04F79EFBC}") = "AcademicaCRUDC2", "AcademicaCRUDC2\AcademicaCRUDC2.csproj", "{FD4C55C7-F0F7-46E2-BDBF-41CA97139498}"
EndProject
Global
	GlobalSection(SolutionConfigurationPlatforms) = preSolution
		Debug|Any CPU = Debug|Any CPU
		Release|Any CPU = Release|Any CPU
	EndGlobalSection
	GlobalSection(ProjectConfigurationPlatforms) = postSolution
		{FD4C55C7-F0F7-46E2-BDBF-41CA97139498}.Debug|Any CPU.ActiveCfg = Debug|Any CPU
		{FD4C55C7-F0F7-46E2-BDBF-41CA97139498}.Debug|Any CPU.Build.0 = Debug|Any CPU
		{FD4C55C7-F0F7-46E2-BDBF-41CA97139498}.Release|Any CPU.ActiveCfg = Release|Any CPU
		{FD4C55C7-F0F7-46E2-BDBF-41CA97139498}.Release|Any CPU.Build.0 = Release|Any CPU
	EndGlobalSection
	GlobalSection(SolutionProperties) = preSolution
		HideSolutionNode = FALSE
	EndGlobalSection
	GlobalSection(ExtensibilityGlobals) = postSolution
		SolutionGuid = {BF7EA2F8-276B-468C-A3D6-F48DA09D0DCB}
	EndGlobalSection
EndGlobal
