
Microsoft Visual Studio Solution File, Format Version 12.00
# Visual Studio Version 16
VisualStudioVersion = 16.0.34729.46
MinimumVisualStudioVersion = 10.0.40219.1
Project("{FAE04EC0-301F-11D3-BF4B-00C04F79EFBC}") = "WindowsFormsApp1", "WindowsFormsApp1\WindowsFormsApp1.csproj", "{CE15125A-9151-422B-8705-8EE3C16705DD}"
EndProject
Global
	GlobalSection(SolutionConfigurationPlatforms) = preSolution
		Debug|Any CPU = Debug|Any CPU
		Release|Any CPU = Release|Any CPU
	EndGlobalSection
	GlobalSection(ProjectConfigurationPlatforms) = postSolution
		{CE15125A-9151-422B-8705-8EE3C16705DD}.Debug|Any CPU.ActiveCfg = Debug|Any CPU
		{CE15125A-9151-422B-8705-8EE3C16705DD}.Debug|Any CPU.Build.0 = Debug|Any CPU
		{CE15125A-9151-422B-8705-8EE3C16705DD}.Release|Any CPU.ActiveCfg = Release|Any CPU
		{CE15125A-9151-422B-8705-8EE3C16705DD}.Release|Any CPU.Build.0 = Release|Any CPU
	EndGlobalSection
	GlobalSection(SolutionProperties) = preSolution
		HideSolutionNode = FALSE
	EndGlobalSection
	GlobalSection(ExtensibilityGlobals) = postSolution
		SolutionGuid = {5A041F70-8F6D-400E-97B4-6E69A446901F}
	EndGlobalSection
EndGlobal
